
Microsoft Visual Studio Solution File, Format Version 12.00
# Visual Studio Version 17
VisualStudioVersion = 17.13.35825.156 d17.13
MinimumVisualStudioVersion = 10.0.40219.1
Project("{FAE04EC0-301F-11D3-BF4B-00C04F79EFBC}") = "EjercicioCRUDMVVM", "EjercicioCRUDMVVM\EjercicioCRUDMVVM.csproj", "{C2221F4F-C3BE-4E94-9C4B-FEADA586F89E}"
EndProject
Global
	GlobalSection(SolutionConfigurationPlatforms) = preSolution
		Debug|Any CPU = Debug|Any CPU
		Release|Any CPU = Release|Any CPU
	EndGlobalSection
	GlobalSection(ProjectConfigurationPlatforms) = postSolution
		{C2221F4F-C3BE-4E94-9C4B-FEADA586F89E}.Debug|Any CPU.ActiveCfg = Debug|Any CPU
		{C2221F4F-C3BE-4E94-9C4B-FEADA586F89E}.Debug|Any CPU.Build.0 = Debug|Any CPU
		{C2221F4F-C3BE-4E94-9C4B-FEADA586F89E}.Debug|Any CPU.Deploy.0 = Debug|Any CPU
		{C2221F4F-C3BE-4E94-9C4B-FEADA586F89E}.Release|Any CPU.ActiveCfg = Release|Any CPU
		{C2221F4F-C3BE-4E94-9C4B-FEADA586F89E}.Release|Any CPU.Build.0 = Release|Any CPU
		{C2221F4F-C3BE-4E94-9C4B-FEADA586F89E}.Release|Any CPU.Deploy.0 = Release|Any CPU
	EndGlobalSection
	GlobalSection(SolutionProperties) = preSolution
		HideSolutionNode = FALSE
	EndGlobalSection
	GlobalSection(ExtensibilityGlobals) = postSolution
		SolutionGuid = {2D30BDB3-5435-4115-AE76-88663E602FBD}
	EndGlobalSection
EndGlobal
